
Microsoft Visual Studio Solution File, Format Version 12.00
# Visual Studio Version 16
VisualStudioVersion = 16.0.32228.343
MinimumVisualStudioVersion = 10.0.40219.1
Project("{9A19103F-16F7-4668-BE54-9A1E7A4F7556}") = "BackTest", "BackTest.csproj", "{9EEC87E1-F038-4E7E-B873-550FE3775980}"
EndProject
Global
	GlobalSection(SolutionConfigurationPlatforms) = preSolution
		Debug|Any CPU = Debug|Any CPU
		Release|Any CPU = Release|Any CPU
	EndGlobalSection
	GlobalSection(ProjectConfigurationPlatforms) = postSolution
		{9EEC87E1-F038-4E7E-B873-550FE3775980}.Debug|Any CPU.ActiveCfg = Debug|Any CPU
		{9EEC87E1-F038-4E7E-B873-550FE3775980}.Debug|Any CPU.Build.0 = Debug|Any CPU
		{9EEC87E1-F038-4E7E-B873-550FE3775980}.Release|Any CPU.ActiveCfg = Release|Any CPU
		{9EEC87E1-F038-4E7E-B873-550FE3775980}.Release|Any CPU.Build.0 = Release|Any CPU
	EndGlobalSection
	GlobalSection(SolutionProperties) = preSolution
		HideSolutionNode = FALSE
	EndGlobalSection
	GlobalSection(ExtensibilityGlobals) = postSolution
		SolutionGuid = {D4B4C06F-0D60-4EBB-BBB9-96A1ACCA8948}
	EndGlobalSection
EndGlobal
